{
  "name": "@axa-ch/button",
  "version": "6.0.25",
  "lockfileVersion": 1,
  "requires": true,
  "dependencies": {
    "@axa-ch/icon": {
      "version": "6.1.0",
      "resolved": "https://registry.npmjs.org/@axa-ch/icon/-/icon-6.1.0.tgz",
      "integrity": "sha512-i1kg6wLvbSULV8p8eorN9zTq9yrdB91ryd7ZMvW/18sqnYgTLdgSd/KLL4bbo0lj47TRWveEzZKjhQky6MDctQ==",
      "requires": {
        "@axa-ch/materials": "14.4.0",
        "@skatejs/val": "^0.4.0",
        "lit-element": "^2.2.0",
        "lit-html": "^1.1.0"
      }
    },
    "@axa-ch/materials": {
      "version": "14.4.0",
      "resolved": "https://registry.npmjs.org/@axa-ch/materials/-/materials-14.4.0.tgz",
      "integrity": "sha512-Zcybh2WyXUD5a2wP6ZgPDCmNdHaVJHmXiezblQVx12aQIJICp07O1mlTYEkMRiQUCcaN6+XNfdspL9t+SFOX2A=="
    },
    "@skatejs/val": {
      "version": "0.4.0",
      "resolved": "https://registry.npmjs.org/@skatejs/val/-/val-0.4.0.tgz",
      "integrity": "sha512-zvZ/tUKkbGV5/wJE6mAN6nQ+OK7DwzGpgi+OMOxc6WxMkpwn6HfsHeArvTGhrS20wN0Df07oblIq3d0fpqICUA=="
    },
    "lit-element": {
      "version": "2.4.0",
      "resolved": "https://registry.npmjs.org/lit-element/-/lit-element-2.4.0.tgz",
      "integrity": "sha512-pBGLglxyhq/Prk2H91nA0KByq/hx/wssJBQFiYqXhGDvEnY31PRGYf1RglVzyLeRysu0IHm2K0P196uLLWmwFg==",
      "requires": {
        "lit-html": "^1.1.1"
      }
    },
    "lit-html": {
      "version": "1.3.0",
      "resolved": "https://registry.npmjs.org/lit-html/-/lit-html-1.3.0.tgz",
      "integrity": "sha512-0Q1bwmaFH9O14vycPHw8C/IeHMk/uSDldVLIefu/kfbTBGIc44KGH6A8p1bDfxUfHdc8q6Ct7kQklWoHgr4t1Q=="
    }
  }
}
