{
  "name": "@axa-ch/datepicker",
  "version": "15.0.4",
  "lockfileVersion": 1,
  "requires": true,
  "dependencies": {
    "@axa-ch/dropdown": {
      "version": "9.1.12",
      "resolved": "https://registry.npmjs.org/@axa-ch/dropdown/-/dropdown-9.1.12.tgz",
      "integrity": "sha512-Iu8kjxqzHik7vPkggZsF2GWPWo/DY5ZrvS+aKqq0KTZRuUydO51UGgOudRBvk/Q41ma2NyUAXM4tmp7Zm7v0Bw==",
      "requires": {
        "@axa-ch/materials": "14.0.0",
        "@skatejs/val": "^0.4.0",
        "lit-element": "^2.2.0",
        "lit-html": "^1.1.0"
      }
    },
    "@axa-ch/materials": {
      "version": "14.0.0",
      "resolved": "https://registry.npmjs.org/@axa-ch/materials/-/materials-14.0.0.tgz",
      "integrity": "sha512-Z6woQNI564oelg6VP8Y+zzaP91Kx5cAXhmxzJwV4zJS8Q1PKWK1eteU4SXZGRkAPEEhCmMs7P1U5XeZgovHzrg=="
    },
    "@skatejs/val": {
      "version": "0.4.0",
      "resolved": "https://registry.npmjs.org/@skatejs/val/-/val-0.4.0.tgz",
      "integrity": "sha512-zvZ/tUKkbGV5/wJE6mAN6nQ+OK7DwzGpgi+OMOxc6WxMkpwn6HfsHeArvTGhrS20wN0Df07oblIq3d0fpqICUA=="
    },
    "date-fns": {
      "version": "2.16.1",
      "resolved": "https://registry.npmjs.org/date-fns/-/date-fns-2.16.1.tgz",
      "integrity": "sha512-sAJVKx/FqrLYHAQeN7VpJrPhagZc9R4ImZIWYRFZaaohR3KzmuK88touwsSwSVT8Qcbd4zoDsnGfX4GFB4imyQ=="
    },
    "lit-element": {
      "version": "2.4.0",
      "resolved": "https://registry.npmjs.org/lit-element/-/lit-element-2.4.0.tgz",
      "integrity": "sha512-pBGLglxyhq/Prk2H91nA0KByq/hx/wssJBQFiYqXhGDvEnY31PRGYf1RglVzyLeRysu0IHm2K0P196uLLWmwFg==",
      "requires": {
        "lit-html": "^1.1.1"
      }
    },
    "lit-html": {
      "version": "1.3.0",
      "resolved": "https://registry.npmjs.org/lit-html/-/lit-html-1.3.0.tgz",
      "integrity": "sha512-0Q1bwmaFH9O14vycPHw8C/IeHMk/uSDldVLIefu/kfbTBGIc44KGH6A8p1bDfxUfHdc8q6Ct7kQklWoHgr4t1Q=="
    }
  }
}
