{
  "name": "@axa-ch/cookie-disclaimer",
  "version": "4.0.24",
  "lockfileVersion": 1,
  "requires": true,
  "dependencies": {
    "@axa-ch/button": {
      "version": "6.0.22",
      "resolved": "https://registry.npmjs.org/@axa-ch/button/-/button-6.0.22.tgz",
      "integrity": "sha512-62HAtYpJXmUOpVxwlF/R+OphjSLkqYwKP7RaBtkQ5nb4VQDpUdYmr3+cG3IIJKvozkbW+MQo5Pqt2bNQlymTjA==",
      "requires": {
        "@axa-ch/icon": "6.0.5",
        "@skatejs/val": "^0.4.0",
        "lit-element": "^2.2.0",
        "lit-html": "^1.1.0"
      }
    },
    "@axa-ch/container": {
      "version": "3.0.12",
      "resolved": "https://registry.npmjs.org/@axa-ch/container/-/container-3.0.12.tgz",
      "integrity": "sha512-fmwliUqaPWjxNuHPNNrzoXSmwlqvyzoyvE3f/xYC93u/W4ts1ZGgGLy3UUFqyZbW8e26ATR2v19CkB2ottx8Nw==",
      "requires": {
        "@skatejs/val": "^0.4.0",
        "lit-element": "^2.2.0",
        "lit-html": "^1.1.0"
      }
    },
    "@axa-ch/icon": {
      "version": "6.0.5",
      "resolved": "https://registry.npmjs.org/@axa-ch/icon/-/icon-6.0.5.tgz",
      "integrity": "sha512-U7Pyzh375Dr8L4yUJ0K7meYOIngxIDYOvBkMTpf3JdMa6dvbqlKEQT0BOW3oHeesuieYkHmjX4vieEyKg8T1yw==",
      "requires": {
        "@axa-ch/materials": "14.3.3",
        "@skatejs/val": "^0.4.0",
        "lit-element": "^2.2.0",
        "lit-html": "^1.1.0"
      }
    },
    "@axa-ch/materials": {
      "version": "14.3.3",
      "resolved": "https://registry.npmjs.org/@axa-ch/materials/-/materials-14.3.3.tgz",
      "integrity": "sha512-DG2RT30JfKbt438wJ0FhzTcwELvuRIgZNico6m4NX6TkLPlWNEjrD2tHMVZj/N5Qu4w384HTPYSd9hG8rqFSSg=="
    },
    "@skatejs/val": {
      "version": "0.4.0",
      "resolved": "https://registry.npmjs.org/@skatejs/val/-/val-0.4.0.tgz",
      "integrity": "sha512-zvZ/tUKkbGV5/wJE6mAN6nQ+OK7DwzGpgi+OMOxc6WxMkpwn6HfsHeArvTGhrS20wN0Df07oblIq3d0fpqICUA=="
    },
    "lit-element": {
      "version": "2.4.0",
      "resolved": "https://registry.npmjs.org/lit-element/-/lit-element-2.4.0.tgz",
      "integrity": "sha512-pBGLglxyhq/Prk2H91nA0KByq/hx/wssJBQFiYqXhGDvEnY31PRGYf1RglVzyLeRysu0IHm2K0P196uLLWmwFg==",
      "requires": {
        "lit-html": "^1.1.1"
      }
    },
    "lit-html": {
      "version": "1.3.0",
      "resolved": "https://registry.npmjs.org/lit-html/-/lit-html-1.3.0.tgz",
      "integrity": "sha512-0Q1bwmaFH9O14vycPHw8C/IeHMk/uSDldVLIefu/kfbTBGIc44KGH6A8p1bDfxUfHdc8q6Ct7kQklWoHgr4t1Q=="
    }
  }
}
