{
  "name": "@axa-ch/cookie-disclaimer",
  "version": "4.0.12",
  "lockfileVersion": 1,
  "requires": true,
  "dependencies": {
    "@axa-ch/button": {
      "version": "6.0.10",
      "resolved": "https://registry.npmjs.org/@axa-ch/button/-/button-6.0.10.tgz",
      "integrity": "sha512-AkneD4CHq8Hd9fA2JVhme9htG31rxkQlF0rdXT2qmZgY1vowRkfQ0vLjKq52OMMFW9HD0es3Qb57KEVXqByjfg==",
      "requires": {
        "@axa-ch/icon": "5.1.20",
        "@skatejs/val": "^0.4.0",
        "lit-element": "^2.2.0",
        "lit-html": "^1.1.0"
      }
    },
    "@axa-ch/container": {
      "version": "3.0.10",
      "resolved": "https://registry.npmjs.org/@axa-ch/container/-/container-3.0.10.tgz",
      "integrity": "sha512-h/PJsGKhxWukaa2ud4OUPAHRgu72W9xWT+O3xbAn/G4iIPcflkUOXLg3/X0r7eWuRRbeyHN2GvWw2zcXDiQBYA==",
      "requires": {
        "@skatejs/val": "^0.4.0",
        "lit-element": "^2.2.0",
        "lit-html": "^1.1.0"
      }
    },
    "@axa-ch/icon": {
      "version": "5.1.20",
      "resolved": "https://registry.npmjs.org/@axa-ch/icon/-/icon-5.1.20.tgz",
      "integrity": "sha512-KYTAuAlFriMq9SQQzvbgFU4G6b7UfmKQCWu6Esg3lwZRDChIhyUYCRMr3icllzSmyjzALHkR87PTQfkzlIbGpA==",
      "requires": {
        "@axa-ch/materials": "13.2.6",
        "@skatejs/val": "^0.4.0",
        "lit-element": "^2.2.0",
        "lit-html": "^1.1.0"
      }
    },
    "@axa-ch/materials": {
      "version": "13.2.6",
      "resolved": "https://registry.npmjs.org/@axa-ch/materials/-/materials-13.2.6.tgz",
      "integrity": "sha512-cK30xB9zTqjgtkX7iXHv8hQsjTM4ISlv8u2w8GLeNdgrIg2r9skPoKOa0jNPFKOlvfXfBXTpNvB/gOI1jqCTiA=="
    },
    "@skatejs/val": {
      "version": "0.4.0",
      "resolved": "https://registry.npmjs.org/@skatejs/val/-/val-0.4.0.tgz",
      "integrity": "sha512-zvZ/tUKkbGV5/wJE6mAN6nQ+OK7DwzGpgi+OMOxc6WxMkpwn6HfsHeArvTGhrS20wN0Df07oblIq3d0fpqICUA=="
    },
    "lit-element": {
      "version": "2.4.0",
      "resolved": "https://registry.npmjs.org/lit-element/-/lit-element-2.4.0.tgz",
      "integrity": "sha512-pBGLglxyhq/Prk2H91nA0KByq/hx/wssJBQFiYqXhGDvEnY31PRGYf1RglVzyLeRysu0IHm2K0P196uLLWmwFg==",
      "requires": {
        "lit-html": "^1.1.1"
      }
    },
    "lit-html": {
      "version": "1.3.0",
      "resolved": "https://registry.npmjs.org/lit-html/-/lit-html-1.3.0.tgz",
      "integrity": "sha512-0Q1bwmaFH9O14vycPHw8C/IeHMk/uSDldVLIefu/kfbTBGIc44KGH6A8p1bDfxUfHdc8q6Ct7kQklWoHgr4t1Q=="
    }
  }
}
