{
  "name": "@axa-ch/table-sortable",
  "version": "1.1.1",
  "lockfileVersion": 1,
  "requires": true,
  "dependencies": {
    "@axa-ch/materials": {
      "version": "1.1.1",
      "requires": {
        "svgo": "1.2.2"
      },
      "dependencies": {
        "@types/q": {
          "version": "1.5.2",
          "bundled": true
        },
        "ansi-styles": {
          "version": "3.2.1",
          "bundled": true,
          "requires": {
            "color-convert": "1.9.3"
          }
        },
        "argparse": {
          "version": "1.0.10",
          "bundled": true,
          "requires": {
            "sprintf-js": "1.0.3"
          }
        },
        "boolbase": {
          "version": "1.0.0",
          "bundled": true
        },
        "chalk": {
          "version": "2.4.2",
          "bundled": true,
          "requires": {
            "ansi-styles": "3.2.1",
            "escape-string-regexp": "1.0.5",
            "supports-color": "5.5.0"
          }
        },
        "coa": {
          "version": "2.0.2",
          "bundled": true,
          "requires": {
            "@types/q": "1.5.2",
            "chalk": "2.4.2",
            "q": "1.5.1"
          }
        },
        "color-convert": {
          "version": "1.9.3",
          "bundled": true,
          "requires": {
            "color-name": "1.1.3"
          }
        },
        "color-name": {
          "version": "1.1.3",
          "bundled": true
        },
        "css-select": {
          "version": "2.0.2",
          "bundled": true,
          "requires": {
            "boolbase": "1.0.0",
            "css-what": "2.1.3",
            "domutils": "1.7.0",
            "nth-check": "1.0.2"
          }
        },
        "css-select-base-adapter": {
          "version": "0.1.1",
          "bundled": true
        },
        "css-tree": {
          "version": "1.0.0-alpha.28",
          "bundled": true,
          "requires": {
            "mdn-data": "1.1.4",
            "source-map": "0.5.7"
          }
        },
        "css-url-regex": {
          "version": "1.1.0",
          "bundled": true
        },
        "css-what": {
          "version": "2.1.3",
          "bundled": true
        },
        "csso": {
          "version": "3.5.1",
          "bundled": true,
          "requires": {
            "css-tree": "1.0.0-alpha.29"
          },
          "dependencies": {
            "css-tree": {
              "version": "1.0.0-alpha.29",
              "bundled": true,
              "requires": {
                "mdn-data": "1.1.4",
                "source-map": "0.5.7"
              }
            }
          }
        },
        "define-properties": {
          "version": "1.1.3",
          "bundled": true,
          "requires": {
            "object-keys": "1.1.1"
          }
        },
        "dom-serializer": {
          "version": "0.1.1",
          "bundled": true,
          "requires": {
            "domelementtype": "1.3.1",
            "entities": "1.1.2"
          }
        },
        "domelementtype": {
          "version": "1.3.1",
          "bundled": true
        },
        "domutils": {
          "version": "1.7.0",
          "bundled": true,
          "requires": {
            "dom-serializer": "0.1.1",
            "domelementtype": "1.3.1"
          }
        },
        "entities": {
          "version": "1.1.2",
          "bundled": true
        },
        "es-abstract": {
          "version": "1.13.0",
          "bundled": true,
          "requires": {
            "es-to-primitive": "1.2.0",
            "function-bind": "1.1.1",
            "has": "1.0.3",
            "is-callable": "1.1.4",
            "is-regex": "1.0.4",
            "object-keys": "1.1.1"
          }
        },
        "es-to-primitive": {
          "version": "1.2.0",
          "bundled": true,
          "requires": {
            "is-callable": "1.1.4",
            "is-date-object": "1.0.1",
            "is-symbol": "1.0.2"
          }
        },
        "escape-string-regexp": {
          "version": "1.0.5",
          "bundled": true
        },
        "esprima": {
          "version": "4.0.1",
          "bundled": true
        },
        "function-bind": {
          "version": "1.1.1",
          "bundled": true
        },
        "has": {
          "version": "1.0.3",
          "bundled": true,
          "requires": {
            "function-bind": "1.1.1"
          }
        },
        "has-flag": {
          "version": "3.0.0",
          "bundled": true
        },
        "has-symbols": {
          "version": "1.0.0",
          "bundled": true
        },
        "is-callable": {
          "version": "1.1.4",
          "bundled": true
        },
        "is-date-object": {
          "version": "1.0.1",
          "bundled": true
        },
        "is-regex": {
          "version": "1.0.4",
          "bundled": true,
          "requires": {
            "has": "1.0.3"
          }
        },
        "is-symbol": {
          "version": "1.0.2",
          "bundled": true,
          "requires": {
            "has-symbols": "1.0.0"
          }
        },
        "js-yaml": {
          "version": "3.13.1",
          "bundled": true,
          "requires": {
            "argparse": "1.0.10",
            "esprima": "4.0.1"
          }
        },
        "mdn-data": {
          "version": "1.1.4",
          "bundled": true
        },
        "minimist": {
          "version": "0.0.8",
          "bundled": true
        },
        "mkdirp": {
          "version": "0.5.1",
          "bundled": true,
          "requires": {
            "minimist": "0.0.8"
          }
        },
        "nth-check": {
          "version": "1.0.2",
          "bundled": true,
          "requires": {
            "boolbase": "1.0.0"
          }
        },
        "object-keys": {
          "version": "1.1.1",
          "bundled": true
        },
        "object.getownpropertydescriptors": {
          "version": "2.0.3",
          "bundled": true,
          "requires": {
            "define-properties": "1.1.3",
            "es-abstract": "1.13.0"
          }
        },
        "object.values": {
          "version": "1.1.0",
          "bundled": true,
          "requires": {
            "define-properties": "1.1.3",
            "es-abstract": "1.13.0",
            "function-bind": "1.1.1",
            "has": "1.0.3"
          }
        },
        "q": {
          "version": "1.5.1",
          "bundled": true
        },
        "sax": {
          "version": "1.2.4",
          "bundled": true
        },
        "source-map": {
          "version": "0.5.7",
          "bundled": true
        },
        "sprintf-js": {
          "version": "1.0.3",
          "bundled": true
        },
        "stable": {
          "version": "0.1.8",
          "bundled": true
        },
        "supports-color": {
          "version": "5.5.0",
          "bundled": true,
          "requires": {
            "has-flag": "3.0.0"
          }
        },
        "svgo": {
          "version": "1.2.2",
          "bundled": true,
          "requires": {
            "chalk": "2.4.2",
            "coa": "2.0.2",
            "css-select": "2.0.2",
            "css-select-base-adapter": "0.1.1",
            "css-tree": "1.0.0-alpha.28",
            "css-url-regex": "1.1.0",
            "csso": "3.5.1",
            "js-yaml": "3.13.1",
            "mkdirp": "0.5.1",
            "object.values": "1.1.0",
            "sax": "1.2.4",
            "stable": "0.1.8",
            "unquote": "1.1.1",
            "util.promisify": "1.0.0"
          }
        },
        "unquote": {
          "version": "1.1.1",
          "bundled": true
        },
        "util.promisify": {
          "version": "1.0.0",
          "bundled": true,
          "requires": {
            "define-properties": "1.1.3",
            "object.getownpropertydescriptors": "2.0.3"
          }
        }
      }
    },
    "@axa-ch/table": {
      "version": "1.1.1",
      "requires": {
        "@axa-ch/materials": "1.1.1",
        "@skatejs/val": "0.4.0",
        "lit-element": "2.1.0",
        "lit-html": "1.0.0"
      },
      "dependencies": {
        "@axa-ch/materials": {
          "version": "1.1.1",
          "bundled": true,
          "requires": {
            "svgo": "1.2.2"
          },
          "dependencies": {
            "@types/q": {
              "version": "1.5.2",
              "bundled": true
            },
            "ansi-styles": {
              "version": "3.2.1",
              "bundled": true,
              "requires": {
                "color-convert": "1.9.3"
              }
            },
            "argparse": {
              "version": "1.0.10",
              "bundled": true,
              "requires": {
                "sprintf-js": "1.0.3"
              }
            },
            "boolbase": {
              "version": "1.0.0",
              "bundled": true
            },
            "chalk": {
              "version": "2.4.2",
              "bundled": true,
              "requires": {
                "ansi-styles": "3.2.1",
                "escape-string-regexp": "1.0.5",
                "supports-color": "5.5.0"
              }
            },
            "coa": {
              "version": "2.0.2",
              "bundled": true,
              "requires": {
                "@types/q": "1.5.2",
                "chalk": "2.4.2",
                "q": "1.5.1"
              }
            },
            "color-convert": {
              "version": "1.9.3",
              "bundled": true,
              "requires": {
                "color-name": "1.1.3"
              }
            },
            "color-name": {
              "version": "1.1.3",
              "bundled": true
            },
            "css-select": {
              "version": "2.0.2",
              "bundled": true,
              "requires": {
                "boolbase": "1.0.0",
                "css-what": "2.1.3",
                "domutils": "1.7.0",
                "nth-check": "1.0.2"
              }
            },
            "css-select-base-adapter": {
              "version": "0.1.1",
              "bundled": true
            },
            "css-tree": {
              "version": "1.0.0-alpha.28",
              "bundled": true,
              "requires": {
                "mdn-data": "1.1.4",
                "source-map": "0.5.7"
              }
            },
            "css-url-regex": {
              "version": "1.1.0",
              "bundled": true
            },
            "css-what": {
              "version": "2.1.3",
              "bundled": true
            },
            "csso": {
              "version": "3.5.1",
              "bundled": true,
              "requires": {
                "css-tree": "1.0.0-alpha.29"
              },
              "dependencies": {}
            },
            "define-properties": {
              "version": "1.1.3",
              "bundled": true,
              "requires": {
                "object-keys": "1.1.1"
              }
            },
            "dom-serializer": {
              "version": "0.1.1",
              "bundled": true,
              "requires": {
                "domelementtype": "1.3.1",
                "entities": "1.1.2"
              }
            },
            "domelementtype": {
              "version": "1.3.1",
              "bundled": true
            },
            "domutils": {
              "version": "1.7.0",
              "bundled": true,
              "requires": {
                "dom-serializer": "0.1.1",
                "domelementtype": "1.3.1"
              }
            },
            "entities": {
              "version": "1.1.2",
              "bundled": true
            },
            "es-abstract": {
              "version": "1.13.0",
              "bundled": true,
              "requires": {
                "es-to-primitive": "1.2.0",
                "function-bind": "1.1.1",
                "has": "1.0.3",
                "is-callable": "1.1.4",
                "is-regex": "1.0.4",
                "object-keys": "1.1.1"
              }
            },
            "es-to-primitive": {
              "version": "1.2.0",
              "bundled": true,
              "requires": {
                "is-callable": "1.1.4",
                "is-date-object": "1.0.1",
                "is-symbol": "1.0.2"
              }
            },
            "escape-string-regexp": {
              "version": "1.0.5",
              "bundled": true
            },
            "esprima": {
              "version": "4.0.1",
              "bundled": true
            },
            "function-bind": {
              "version": "1.1.1",
              "bundled": true
            },
            "has": {
              "version": "1.0.3",
              "bundled": true,
              "requires": {
                "function-bind": "1.1.1"
              }
            },
            "has-flag": {
              "version": "3.0.0",
              "bundled": true
            },
            "has-symbols": {
              "version": "1.0.0",
              "bundled": true
            },
            "is-callable": {
              "version": "1.1.4",
              "bundled": true
            },
            "is-date-object": {
              "version": "1.0.1",
              "bundled": true
            },
            "is-regex": {
              "version": "1.0.4",
              "bundled": true,
              "requires": {
                "has": "1.0.3"
              }
            },
            "is-symbol": {
              "version": "1.0.2",
              "bundled": true,
              "requires": {
                "has-symbols": "1.0.0"
              }
            },
            "js-yaml": {
              "version": "3.13.1",
              "bundled": true,
              "requires": {
                "argparse": "1.0.10",
                "esprima": "4.0.1"
              }
            },
            "mdn-data": {
              "version": "1.1.4",
              "bundled": true
            },
            "minimist": {
              "version": "0.0.8",
              "bundled": true
            },
            "mkdirp": {
              "version": "0.5.1",
              "bundled": true,
              "requires": {
                "minimist": "0.0.8"
              }
            },
            "nth-check": {
              "version": "1.0.2",
              "bundled": true,
              "requires": {
                "boolbase": "1.0.0"
              }
            },
            "object-keys": {
              "version": "1.1.1",
              "bundled": true
            },
            "object.getownpropertydescriptors": {
              "version": "2.0.3",
              "bundled": true,
              "requires": {
                "define-properties": "1.1.3",
                "es-abstract": "1.13.0"
              }
            },
            "object.values": {
              "version": "1.1.0",
              "bundled": true,
              "requires": {
                "define-properties": "1.1.3",
                "es-abstract": "1.13.0",
                "function-bind": "1.1.1",
                "has": "1.0.3"
              }
            },
            "q": {
              "version": "1.5.1",
              "bundled": true
            },
            "sax": {
              "version": "1.2.4",
              "bundled": true
            },
            "source-map": {
              "version": "0.5.7",
              "bundled": true
            },
            "sprintf-js": {
              "version": "1.0.3",
              "bundled": true
            },
            "stable": {
              "version": "0.1.8",
              "bundled": true
            },
            "supports-color": {
              "version": "5.5.0",
              "bundled": true,
              "requires": {
                "has-flag": "3.0.0"
              }
            },
            "svgo": {
              "version": "1.2.2",
              "bundled": true,
              "requires": {
                "chalk": "2.4.2",
                "coa": "2.0.2",
                "css-select": "2.0.2",
                "css-select-base-adapter": "0.1.1",
                "css-tree": "1.0.0-alpha.28",
                "css-url-regex": "1.1.0",
                "csso": "3.5.1",
                "js-yaml": "3.13.1",
                "mkdirp": "0.5.1",
                "object.values": "1.1.0",
                "sax": "1.2.4",
                "stable": "0.1.8",
                "unquote": "1.1.1",
                "util.promisify": "1.0.0"
              }
            },
            "unquote": {
              "version": "1.1.1",
              "bundled": true
            },
            "util.promisify": {
              "version": "1.0.0",
              "bundled": true,
              "requires": {
                "define-properties": "1.1.3",
                "object.getownpropertydescriptors": "2.0.3"
              }
            }
          }
        },
        "@skatejs/val": {
          "version": "0.4.0",
          "bundled": true
        },
        "lit-element": {
          "version": "2.1.0",
          "bundled": true,
          "requires": {
            "lit-html": "1.0.0"
          }
        },
        "lit-html": {
          "version": "1.0.0",
          "bundled": true
        }
      }
    },
    "@skatejs/val": {
      "version": "0.4.0",
      "resolved": "https://registry.npmjs.org/@skatejs/val/-/val-0.4.0.tgz",
      "integrity": "sha512-zvZ/tUKkbGV5/wJE6mAN6nQ+OK7DwzGpgi+OMOxc6WxMkpwn6HfsHeArvTGhrS20wN0Df07oblIq3d0fpqICUA=="
    },
    "lit-element": {
      "version": "2.1.0",
      "resolved": "https://registry.npmjs.org/lit-element/-/lit-element-2.1.0.tgz",
      "integrity": "sha512-0z/KHm1xZweivfOVRr8AKR06+D3k02u15m9s4jkuRdnGe5wfmEwePzrQQBsSZNILdnfJvfo3TJOeGhBCVZaPbw==",
      "requires": {
        "lit-html": "1.0.0"
      }
    },
    "lit-html": {
      "version": "1.0.0",
      "resolved": "https://registry.npmjs.org/lit-html/-/lit-html-1.0.0.tgz",
      "integrity": "sha512-oeWlpLmBW3gFl7979Wol2LKITpmKTUFNn7PnFbh6YNynF61W74l6x5WhwItAwPRSATpexaX1egNnRzlN4GOtfQ=="
    }
  }
}
