{
  "name": "@axa-ch/top-content-bar",
  "version": "4.0.13",
  "lockfileVersion": 1,
  "requires": true,
  "dependencies": {
    "@axa-ch/button": {
      "version": "6.0.11",
      "resolved": "https://registry.npmjs.org/@axa-ch/button/-/button-6.0.11.tgz",
      "integrity": "sha512-rBDaWZ061TlKivMiKw2nPWG2GpdpF14O9jsdPzmFz1dbBPImFofxdlS795L9n7TXlzcPA5+kXZCW4XtYOt/9hg==",
      "requires": {
        "@axa-ch/icon": "5.1.21",
        "@skatejs/val": "^0.4.0",
        "lit-element": "^2.2.0",
        "lit-html": "^1.1.0"
      }
    },
    "@axa-ch/button-link": {
      "version": "5.0.11",
      "resolved": "https://registry.npmjs.org/@axa-ch/button-link/-/button-link-5.0.11.tgz",
      "integrity": "sha512-5xlyb46XykGfq4Kyw9bgEmBozwGYLAQBTG5r3eRkhy41sGWkZmGiGc8Bm8jvZTTOSjElsr8lQgte2whN1PBONQ==",
      "requires": {
        "@axa-ch/icon": "5.1.21",
        "@skatejs/val": "^0.4.0",
        "lit-element": "^2.2.0",
        "lit-html": "^1.1.0"
      }
    },
    "@axa-ch/container": {
      "version": "3.0.10",
      "resolved": "https://registry.npmjs.org/@axa-ch/container/-/container-3.0.10.tgz",
      "integrity": "sha512-h/PJsGKhxWukaa2ud4OUPAHRgu72W9xWT+O3xbAn/G4iIPcflkUOXLg3/X0r7eWuRRbeyHN2GvWw2zcXDiQBYA==",
      "requires": {
        "@skatejs/val": "^0.4.0",
        "lit-element": "^2.2.0",
        "lit-html": "^1.1.0"
      }
    },
    "@axa-ch/icon": {
      "version": "5.1.21",
      "resolved": "https://registry.npmjs.org/@axa-ch/icon/-/icon-5.1.21.tgz",
      "integrity": "sha512-aCNwnD32cenKLfXndBcme8xvd50rz6fQmIAomrMajLYCqItWQc7All8jpyiEK49Ie5CrkSZYGUbOku6+bZ34vg==",
      "requires": {
        "@axa-ch/materials": "13.3.0",
        "@skatejs/val": "^0.4.0",
        "lit-element": "^2.2.0",
        "lit-html": "^1.1.0"
      }
    },
    "@axa-ch/materials": {
      "version": "13.3.0",
      "resolved": "https://registry.npmjs.org/@axa-ch/materials/-/materials-13.3.0.tgz",
      "integrity": "sha512-iJ4uF6XKAfNQgezW486Xd9eK05e3OM42DyLc0nYCzeprV+PVxZAe6AbBUUrqYeKtRYK4WDIKI/54Pybu/Wlt5g=="
    },
    "@skatejs/val": {
      "version": "0.4.0",
      "resolved": "https://registry.npmjs.org/@skatejs/val/-/val-0.4.0.tgz",
      "integrity": "sha512-zvZ/tUKkbGV5/wJE6mAN6nQ+OK7DwzGpgi+OMOxc6WxMkpwn6HfsHeArvTGhrS20wN0Df07oblIq3d0fpqICUA=="
    },
    "lit-element": {
      "version": "2.4.0",
      "resolved": "https://registry.npmjs.org/lit-element/-/lit-element-2.4.0.tgz",
      "integrity": "sha512-pBGLglxyhq/Prk2H91nA0KByq/hx/wssJBQFiYqXhGDvEnY31PRGYf1RglVzyLeRysu0IHm2K0P196uLLWmwFg==",
      "requires": {
        "lit-html": "^1.1.1"
      }
    },
    "lit-html": {
      "version": "1.3.0",
      "resolved": "https://registry.npmjs.org/lit-html/-/lit-html-1.3.0.tgz",
      "integrity": "sha512-0Q1bwmaFH9O14vycPHw8C/IeHMk/uSDldVLIefu/kfbTBGIc44KGH6A8p1bDfxUfHdc8q6Ct7kQklWoHgr4t1Q=="
    }
  }
}
