{
  "name": "@axa-ch/top-content-bar",
  "version": "4.0.16",
  "lockfileVersion": 1,
  "requires": true,
  "dependencies": {
    "@axa-ch/button": {
      "version": "6.0.15",
      "resolved": "https://registry.npmjs.org/@axa-ch/button/-/button-6.0.15.tgz",
      "integrity": "sha512-UezvgZ9+eP6D37M/64s+1XQu9FiCv8cPonktI14EnCF1mAzq974v5JuNo3eMdcgQR03E+ChgbmpN/iRnAKY+gQ==",
      "requires": {
        "@axa-ch/icon": "6.0.0",
        "@skatejs/val": "^0.4.0",
        "lit-element": "^2.2.0",
        "lit-html": "^1.1.0"
      }
    },
    "@axa-ch/button-link": {
      "version": "5.0.15",
      "resolved": "https://registry.npmjs.org/@axa-ch/button-link/-/button-link-5.0.15.tgz",
      "integrity": "sha512-4jzxWraA9gs6Hc1hQqSQAgLPPsWeoVcr8J68RWp+bxip63GUlcEV2zegxKfN+127dAQcpTCkatrp5dBHpNrMUg==",
      "requires": {
        "@axa-ch/icon": "6.0.0",
        "@skatejs/val": "^0.4.0",
        "lit-element": "^2.2.0",
        "lit-html": "^1.1.0"
      }
    },
    "@axa-ch/container": {
      "version": "3.0.11",
      "resolved": "https://registry.npmjs.org/@axa-ch/container/-/container-3.0.11.tgz",
      "integrity": "sha512-QfcMdG6yA963qyN7H7+KMmRfZbi05S3W76lxGdMtxtEMfT2hmiqLrzblKz7xo0xDlHUqChqkoeNRwywFXd5hQQ==",
      "requires": {
        "@skatejs/val": "^0.4.0",
        "lit-element": "^2.2.0",
        "lit-html": "^1.1.0"
      }
    },
    "@axa-ch/icon": {
      "version": "6.0.0",
      "resolved": "https://registry.npmjs.org/@axa-ch/icon/-/icon-6.0.0.tgz",
      "integrity": "sha512-WQPR9WFWn3UZE3LPfUKciglvIU6nz7JVUK53bLSAsyaDKyp0gjk1jlX6j9nLjd1z13DhGMjYh2U92IAa+yaBGg==",
      "requires": {
        "@axa-ch/materials": "14.1.0",
        "@skatejs/val": "^0.4.0",
        "lit-element": "^2.2.0",
        "lit-html": "^1.1.0"
      }
    },
    "@axa-ch/materials": {
      "version": "14.1.0",
      "resolved": "https://registry.npmjs.org/@axa-ch/materials/-/materials-14.1.0.tgz",
      "integrity": "sha512-+Hr6mJ1XW0LmdHoxjgTCV6uWjMEMgKBdRDbUEXtYXwUQ9fn05CYWOg6CzSFUgfNd52xvAem8C2O+LO6+y+ZOLA=="
    },
    "@skatejs/val": {
      "version": "0.4.0",
      "resolved": "https://registry.npmjs.org/@skatejs/val/-/val-0.4.0.tgz",
      "integrity": "sha512-zvZ/tUKkbGV5/wJE6mAN6nQ+OK7DwzGpgi+OMOxc6WxMkpwn6HfsHeArvTGhrS20wN0Df07oblIq3d0fpqICUA=="
    },
    "lit-element": {
      "version": "2.4.0",
      "resolved": "https://registry.npmjs.org/lit-element/-/lit-element-2.4.0.tgz",
      "integrity": "sha512-pBGLglxyhq/Prk2H91nA0KByq/hx/wssJBQFiYqXhGDvEnY31PRGYf1RglVzyLeRysu0IHm2K0P196uLLWmwFg==",
      "requires": {
        "lit-html": "^1.1.1"
      }
    },
    "lit-html": {
      "version": "1.3.0",
      "resolved": "https://registry.npmjs.org/lit-html/-/lit-html-1.3.0.tgz",
      "integrity": "sha512-0Q1bwmaFH9O14vycPHw8C/IeHMk/uSDldVLIefu/kfbTBGIc44KGH6A8p1bDfxUfHdc8q6Ct7kQklWoHgr4t1Q=="
    }
  }
}
