{
  "name": "@axa-ch-webhub-cloud/input-phone",
  "version": "2.0.13",
  "lockfileVersion": 2,
  "requires": true,
  "packages": {
    "": {
      "name": "@axa-ch-webhub-cloud/input-phone",
      "version": "2.0.13",
      "license": "Copyright AXA AG",
      "dependencies": {
        "@axa-ch/dropdown": "12.0.4",
        "@axa-ch/input-text": "6.4.2",
        "lit": "^2.2.1"
      }
    },
    "../../10-atoms/input-text": {
      "name": "@axa-ch/input-text",
      "version": "5.0.1",
      "extraneous": true,
      "license": "Copyright 2019 AXA Versicherungen AG",
      "dependencies": {
        "@axa-ch/popup": "4.0.1",
        "@skatejs/val": "^0.4.0",
        "lit": "^2.2.1"
      }
    },
    "../dropdown": {
      "name": "@axa-ch/dropdown",
      "version": "10.1.1",
      "extraneous": true,
      "license": "Copyright 2019 AXA Versicherungen AG",
      "dependencies": {
        "@skatejs/val": "^0.4.0",
        "lit": "^2.2.1"
      }
    },
    "node_modules/@axa-ch/dropdown": {
      "version": "12.0.4",
      "resolved": "https://registry.npmjs.org/@axa-ch/dropdown/-/dropdown-12.0.4.tgz",
      "integrity": "sha512-0aQMQoRKFTnPYKOpCP6LjefUPNdlkXLORkVkw/i7ZzspVcmW3EtWHf2B1h4aWmgWIc40GBcnax24RGiGFFByCg==",
      "dependencies": {
        "@axa-ch/materials": "16.0.8",
        "lit": "^2.2.1"
      }
    },
    "node_modules/@axa-ch/input-text": {
      "version": "6.4.2",
      "resolved": "https://registry.npmjs.org/@axa-ch/input-text/-/input-text-6.4.2.tgz",
      "integrity": "sha512-w2To8nDi+8GgDpXMdAKbUYHfiZFMMsLtYG9XOyAfupf9A32+O04HnetzuQvVBm7FhIYdMStlfYYTgb7n8lg4gg==",
      "dependencies": {
        "@axa-ch/popup": "5.0.11",
        "lit": "^2.2.1"
      }
    },
    "node_modules/@axa-ch/materials": {
      "version": "16.0.8",
      "resolved": "https://registry.npmjs.org/@axa-ch/materials/-/materials-16.0.8.tgz",
      "integrity": "sha512-UdZmqKnZAoDfq/M2M7LSpRSjbfirMAi2XF3alY8O1p/vINmQ1qi6y96hwocS12vPAlhPZrpYViy2TrbvRF5xKw==",
      "dependencies": {
        "lit": "^2.2.1"
      }
    },
    "node_modules/@axa-ch/popup": {
      "version": "5.0.11",
      "resolved": "https://registry.npmjs.org/@axa-ch/popup/-/popup-5.0.11.tgz",
      "integrity": "sha512-+6+Cck9URwNK3len5YaP/oxbFSu4dPXENkCVJ1t/HV9qkVLH6IACAqMaQzCqV9X5JkCeD+TulmrrpeQfUNXLIw==",
      "dependencies": {
        "@axa-ch/materials": "16.0.8",
        "lit": "^2.2.1"
      }
    },
    "node_modules/@lit/reactive-element": {
      "version": "1.3.2",
      "resolved": "https://registry.npmjs.org/@lit/reactive-element/-/reactive-element-1.3.2.tgz",
      "integrity": "sha512-A2e18XzPMrIh35nhIdE4uoqRzoIpEU5vZYuQN4S3Ee1zkGdYC27DP12pewbw/RLgPHzaE4kx/YqxMzebOpm0dA=="
    },
    "node_modules/@types/trusted-types": {
      "version": "2.0.2",
      "resolved": "https://registry.npmjs.org/@types/trusted-types/-/trusted-types-2.0.2.tgz",
      "integrity": "sha512-F5DIZ36YVLE+PN+Zwws4kJogq47hNgX3Nx6WyDJ3kcplxyke3XIzB8uK5n/Lpm1HBsbGzd6nmGehL8cPekP+Tg=="
    },
    "node_modules/lit": {
      "version": "2.2.5",
      "resolved": "https://registry.npmjs.org/lit/-/lit-2.2.5.tgz",
      "integrity": "sha512-Ln463c0xJZfzVxBcHddNvFQQ8Z22NK7KgNmrzwFF1iESHUud412RRExzepj18wpTbusgwoTnOYuoTpo9uyNBaQ==",
      "dependencies": {
        "@lit/reactive-element": "^1.3.0",
        "lit-element": "^3.2.0",
        "lit-html": "^2.2.0"
      }
    },
    "node_modules/lit-element": {
      "version": "3.2.0",
      "resolved": "https://registry.npmjs.org/lit-element/-/lit-element-3.2.0.tgz",
      "integrity": "sha512-HbE7yt2SnUtg5DCrWt028oaU4D5F4k/1cntAFHTkzY8ZIa8N0Wmu92PxSxucsQSOXlODFrICkQ5x/tEshKi13g==",
      "dependencies": {
        "@lit/reactive-element": "^1.3.0",
        "lit-html": "^2.2.0"
      }
    },
    "node_modules/lit-html": {
      "version": "2.2.5",
      "resolved": "https://registry.npmjs.org/lit-html/-/lit-html-2.2.5.tgz",
      "integrity": "sha512-e56Y9V+RNA+SGYsWP2DGb/wad5Ccd3xUZYjmcmbeZcnc0wP4zFQRXeXn7W3bbfBekmHDK2dOnuYNYkg0bQjh/w==",
      "dependencies": {
        "@types/trusted-types": "^2.0.2"
      }
    }
  },
  "dependencies": {
    "@axa-ch/dropdown": {
      "version": "12.0.4",
      "resolved": "https://registry.npmjs.org/@axa-ch/dropdown/-/dropdown-12.0.4.tgz",
      "integrity": "sha512-0aQMQoRKFTnPYKOpCP6LjefUPNdlkXLORkVkw/i7ZzspVcmW3EtWHf2B1h4aWmgWIc40GBcnax24RGiGFFByCg==",
      "requires": {
        "@axa-ch/materials": "16.0.8",
        "lit": "^2.2.1"
      }
    },
    "@axa-ch/input-text": {
      "version": "6.4.2",
      "resolved": "https://registry.npmjs.org/@axa-ch/input-text/-/input-text-6.4.2.tgz",
      "integrity": "sha512-w2To8nDi+8GgDpXMdAKbUYHfiZFMMsLtYG9XOyAfupf9A32+O04HnetzuQvVBm7FhIYdMStlfYYTgb7n8lg4gg==",
      "requires": {
        "@axa-ch/popup": "5.0.11",
        "lit": "^2.2.1"
      }
    },
    "@axa-ch/materials": {
      "version": "16.0.8",
      "resolved": "https://registry.npmjs.org/@axa-ch/materials/-/materials-16.0.8.tgz",
      "integrity": "sha512-UdZmqKnZAoDfq/M2M7LSpRSjbfirMAi2XF3alY8O1p/vINmQ1qi6y96hwocS12vPAlhPZrpYViy2TrbvRF5xKw==",
      "requires": {
        "lit": "^2.2.1"
      }
    },
    "@axa-ch/popup": {
      "version": "5.0.11",
      "resolved": "https://registry.npmjs.org/@axa-ch/popup/-/popup-5.0.11.tgz",
      "integrity": "sha512-+6+Cck9URwNK3len5YaP/oxbFSu4dPXENkCVJ1t/HV9qkVLH6IACAqMaQzCqV9X5JkCeD+TulmrrpeQfUNXLIw==",
      "requires": {
        "@axa-ch/materials": "16.0.8",
        "lit": "^2.2.1"
      }
    },
    "@lit/reactive-element": {
      "version": "1.3.2",
      "resolved": "https://registry.npmjs.org/@lit/reactive-element/-/reactive-element-1.3.2.tgz",
      "integrity": "sha512-A2e18XzPMrIh35nhIdE4uoqRzoIpEU5vZYuQN4S3Ee1zkGdYC27DP12pewbw/RLgPHzaE4kx/YqxMzebOpm0dA=="
    },
    "@types/trusted-types": {
      "version": "2.0.2",
      "resolved": "https://registry.npmjs.org/@types/trusted-types/-/trusted-types-2.0.2.tgz",
      "integrity": "sha512-F5DIZ36YVLE+PN+Zwws4kJogq47hNgX3Nx6WyDJ3kcplxyke3XIzB8uK5n/Lpm1HBsbGzd6nmGehL8cPekP+Tg=="
    },
    "lit": {
      "version": "2.2.5",
      "resolved": "https://registry.npmjs.org/lit/-/lit-2.2.5.tgz",
      "integrity": "sha512-Ln463c0xJZfzVxBcHddNvFQQ8Z22NK7KgNmrzwFF1iESHUud412RRExzepj18wpTbusgwoTnOYuoTpo9uyNBaQ==",
      "requires": {
        "@lit/reactive-element": "^1.3.0",
        "lit-element": "^3.2.0",
        "lit-html": "^2.2.0"
      }
    },
    "lit-element": {
      "version": "3.2.0",
      "resolved": "https://registry.npmjs.org/lit-element/-/lit-element-3.2.0.tgz",
      "integrity": "sha512-HbE7yt2SnUtg5DCrWt028oaU4D5F4k/1cntAFHTkzY8ZIa8N0Wmu92PxSxucsQSOXlODFrICkQ5x/tEshKi13g==",
      "requires": {
        "@lit/reactive-element": "^1.3.0",
        "lit-html": "^2.2.0"
      }
    },
    "lit-html": {
      "version": "2.2.5",
      "resolved": "https://registry.npmjs.org/lit-html/-/lit-html-2.2.5.tgz",
      "integrity": "sha512-e56Y9V+RNA+SGYsWP2DGb/wad5Ccd3xUZYjmcmbeZcnc0wP4zFQRXeXn7W3bbfBekmHDK2dOnuYNYkg0bQjh/w==",
      "requires": {
        "@types/trusted-types": "^2.0.2"
      }
    }
  }
}
