{
  "name": "@axa-ch-webhub-cloud/input-phone",
  "version": "2.1.0",
  "lockfileVersion": 2,
  "requires": true,
  "packages": {
    "": {
      "name": "@axa-ch-webhub-cloud/input-phone",
      "version": "2.1.0",
      "license": "Copyright AXA AG",
      "dependencies": {
        "@axa-ch-webhub-cloud/dropdown": "12.1.0",
        "@axa-ch-webhub-cloud/input-text": "6.5.0",
        "lit": "^2.2.1"
      }
    },
    "../../10-atoms/input-text": {
      "name": "@axa-ch/input-text",
      "version": "5.0.1",
      "extraneous": true,
      "license": "Copyright 2019 AXA Versicherungen AG",
      "dependencies": {
        "@axa-ch/popup": "4.0.1",
        "@skatejs/val": "^0.4.0",
        "lit": "^2.2.1"
      }
    },
    "../dropdown": {
      "name": "@axa-ch/dropdown",
      "version": "10.1.1",
      "extraneous": true,
      "license": "Copyright 2019 AXA Versicherungen AG",
      "dependencies": {
        "@skatejs/val": "^0.4.0",
        "lit": "^2.2.1"
      }
    },
    "node_modules/@axa-ch-webhub-cloud/dropdown": {
      "version": "12.0.4",
      "resolved": "https://npm.pkg.github.com/download/@axa-ch-webhub-cloud/dropdown/12.0.4/610a6af988de94c3ef9c9ce76dc400b852bf5bca",
      "integrity": "sha512-p4BRPm1teRvzmE4wI4+fPEiRpTAyZjCjChgS532LN+1JzNMgCmlRCk5YJ5XA16H7jHXBSNTItcUJeOJrCYOQfw==",
      "license": "Copyright 2019 AXA Versicherungen AG",
      "dependencies": {
        "@axa-ch-webhub-cloud/materials": "16.0.8",
        "lit": "^2.2.1"
      }
    },
    "node_modules/@axa-ch-webhub-cloud/input-text": {
      "version": "6.4.2",
      "resolved": "https://npm.pkg.github.com/download/@axa-ch-webhub-cloud/input-text/6.4.2/639474a5a29f489e6f1964aa049020792e0024f1",
      "integrity": "sha512-xsgID8GPCyoCGldPsl2KntMujJtO6z5SYm1io3iVbaLZwPggJ9YTc3e0N9/o/IeJJHOz9eW9mpi+U3JYeRL3vA==",
      "license": "Copyright 2019 AXA Versicherungen AG",
      "dependencies": {
        "@axa-ch-webhub-cloud/popup": "5.0.11",
        "lit": "^2.2.1"
      }
    },
    "node_modules/@axa-ch-webhub-cloud/materials": {
      "version": "16.0.8",
      "resolved": "https://npm.pkg.github.com/download/@axa-ch-webhub-cloud/materials/16.0.8/8bd0c00cb421df7eebaac39aa7c8c41268545835",
      "integrity": "sha512-GRLSCV2+0GXR/ALufeW5P+pb58t2TgkUHIYOGayzVA2hQe0tWhFKeVt4kexWnhWGBq9NVv0soCOL4ZIDsc6qsw==",
      "license": "Copyright 2019 AXA Versicherungen AG",
      "dependencies": {
        "lit": "^2.2.1"
      }
    },
    "node_modules/@axa-ch-webhub-cloud/popup": {
      "version": "5.0.11",
      "resolved": "https://npm.pkg.github.com/download/@axa-ch-webhub-cloud/popup/5.0.11/10c941d8ccd418849a977c033e22868101d62167",
      "integrity": "sha512-M6ygJrQL7UmqISCGeCGmofUldJ6o1M+h2taPkiAFgq+iDl0Z99mzSPCgRnF6VkgwKLJsM4sSOk7wcNtVPVZY4g==",
      "license": "Copyright 2019 AXA Versicherungen AG",
      "dependencies": {
        "@axa-ch-webhub-cloud/materials": "16.0.8",
        "lit": "^2.2.1"
      }
    },
    "node_modules/@lit/reactive-element": {
      "version": "1.3.2",
      "resolved": "https://registry.npmjs.org/@lit/reactive-element/-/reactive-element-1.3.2.tgz",
      "integrity": "sha512-A2e18XzPMrIh35nhIdE4uoqRzoIpEU5vZYuQN4S3Ee1zkGdYC27DP12pewbw/RLgPHzaE4kx/YqxMzebOpm0dA=="
    },
    "node_modules/@types/trusted-types": {
      "version": "2.0.2",
      "resolved": "https://registry.npmjs.org/@types/trusted-types/-/trusted-types-2.0.2.tgz",
      "integrity": "sha512-F5DIZ36YVLE+PN+Zwws4kJogq47hNgX3Nx6WyDJ3kcplxyke3XIzB8uK5n/Lpm1HBsbGzd6nmGehL8cPekP+Tg=="
    },
    "node_modules/lit": {
      "version": "2.2.5",
      "resolved": "https://registry.npmjs.org/lit/-/lit-2.2.5.tgz",
      "integrity": "sha512-Ln463c0xJZfzVxBcHddNvFQQ8Z22NK7KgNmrzwFF1iESHUud412RRExzepj18wpTbusgwoTnOYuoTpo9uyNBaQ==",
      "dependencies": {
        "@lit/reactive-element": "^1.3.0",
        "lit-element": "^3.2.0",
        "lit-html": "^2.2.0"
      }
    },
    "node_modules/lit-element": {
      "version": "3.2.0",
      "resolved": "https://registry.npmjs.org/lit-element/-/lit-element-3.2.0.tgz",
      "integrity": "sha512-HbE7yt2SnUtg5DCrWt028oaU4D5F4k/1cntAFHTkzY8ZIa8N0Wmu92PxSxucsQSOXlODFrICkQ5x/tEshKi13g==",
      "dependencies": {
        "@lit/reactive-element": "^1.3.0",
        "lit-html": "^2.2.0"
      }
    },
    "node_modules/lit-html": {
      "version": "2.2.5",
      "resolved": "https://registry.npmjs.org/lit-html/-/lit-html-2.2.5.tgz",
      "integrity": "sha512-e56Y9V+RNA+SGYsWP2DGb/wad5Ccd3xUZYjmcmbeZcnc0wP4zFQRXeXn7W3bbfBekmHDK2dOnuYNYkg0bQjh/w==",
      "dependencies": {
        "@types/trusted-types": "^2.0.2"
      }
    }
  },
  "dependencies": {
    "@axa-ch-webhub-cloud/dropdown": {
      "version": "12.0.4",
      "resolved": "https://npm.pkg.github.com/download/@axa-ch-webhub-cloud/dropdown/12.0.4/610a6af988de94c3ef9c9ce76dc400b852bf5bca",
      "integrity": "sha512-p4BRPm1teRvzmE4wI4+fPEiRpTAyZjCjChgS532LN+1JzNMgCmlRCk5YJ5XA16H7jHXBSNTItcUJeOJrCYOQfw==",
      "requires": {
        "@axa-ch-webhub-cloud/materials": "16.0.8",
        "lit": "^2.2.1"
      }
    },
    "@axa-ch-webhub-cloud/input-text": {
      "version": "6.4.2",
      "resolved": "https://npm.pkg.github.com/download/@axa-ch-webhub-cloud/input-text/6.4.2/639474a5a29f489e6f1964aa049020792e0024f1",
      "integrity": "sha512-xsgID8GPCyoCGldPsl2KntMujJtO6z5SYm1io3iVbaLZwPggJ9YTc3e0N9/o/IeJJHOz9eW9mpi+U3JYeRL3vA==",
      "requires": {
        "@axa-ch-webhub-cloud/popup": "5.0.11",
        "lit": "^2.2.1"
      }
    },
    "@axa-ch-webhub-cloud/materials": {
      "version": "16.0.8",
      "resolved": "https://npm.pkg.github.com/download/@axa-ch-webhub-cloud/materials/16.0.8/8bd0c00cb421df7eebaac39aa7c8c41268545835",
      "integrity": "sha512-GRLSCV2+0GXR/ALufeW5P+pb58t2TgkUHIYOGayzVA2hQe0tWhFKeVt4kexWnhWGBq9NVv0soCOL4ZIDsc6qsw==",
      "requires": {
        "lit": "^2.2.1"
      }
    },
    "@axa-ch-webhub-cloud/popup": {
      "version": "5.0.11",
      "resolved": "https://npm.pkg.github.com/download/@axa-ch-webhub-cloud/popup/5.0.11/10c941d8ccd418849a977c033e22868101d62167",
      "integrity": "sha512-M6ygJrQL7UmqISCGeCGmofUldJ6o1M+h2taPkiAFgq+iDl0Z99mzSPCgRnF6VkgwKLJsM4sSOk7wcNtVPVZY4g==",
      "requires": {
        "@axa-ch-webhub-cloud/materials": "16.0.8",
        "lit": "^2.2.1"
      }
    },
    "@lit/reactive-element": {
      "version": "1.3.2",
      "resolved": "https://registry.npmjs.org/@lit/reactive-element/-/reactive-element-1.3.2.tgz",
      "integrity": "sha512-A2e18XzPMrIh35nhIdE4uoqRzoIpEU5vZYuQN4S3Ee1zkGdYC27DP12pewbw/RLgPHzaE4kx/YqxMzebOpm0dA=="
    },
    "@types/trusted-types": {
      "version": "2.0.2",
      "resolved": "https://registry.npmjs.org/@types/trusted-types/-/trusted-types-2.0.2.tgz",
      "integrity": "sha512-F5DIZ36YVLE+PN+Zwws4kJogq47hNgX3Nx6WyDJ3kcplxyke3XIzB8uK5n/Lpm1HBsbGzd6nmGehL8cPekP+Tg=="
    },
    "lit": {
      "version": "2.2.5",
      "resolved": "https://registry.npmjs.org/lit/-/lit-2.2.5.tgz",
      "integrity": "sha512-Ln463c0xJZfzVxBcHddNvFQQ8Z22NK7KgNmrzwFF1iESHUud412RRExzepj18wpTbusgwoTnOYuoTpo9uyNBaQ==",
      "requires": {
        "@lit/reactive-element": "^1.3.0",
        "lit-element": "^3.2.0",
        "lit-html": "^2.2.0"
      }
    },
    "lit-element": {
      "version": "3.2.0",
      "resolved": "https://registry.npmjs.org/lit-element/-/lit-element-3.2.0.tgz",
      "integrity": "sha512-HbE7yt2SnUtg5DCrWt028oaU4D5F4k/1cntAFHTkzY8ZIa8N0Wmu92PxSxucsQSOXlODFrICkQ5x/tEshKi13g==",
      "requires": {
        "@lit/reactive-element": "^1.3.0",
        "lit-html": "^2.2.0"
      }
    },
    "lit-html": {
      "version": "2.2.5",
      "resolved": "https://registry.npmjs.org/lit-html/-/lit-html-2.2.5.tgz",
      "integrity": "sha512-e56Y9V+RNA+SGYsWP2DGb/wad5Ccd3xUZYjmcmbeZcnc0wP4zFQRXeXn7W3bbfBekmHDK2dOnuYNYkg0bQjh/w==",
      "requires": {
        "@types/trusted-types": "^2.0.2"
      }
    }
  }
}
