{
	"name": "@axa-ch/patterns-library-polyfill",
	"version": "1.4.3-alpha.2",
	"lockfileVersion": 1,
	"requires": true,
	"dependencies": {
		"@webcomponents/webcomponentsjs": {
			"version": "2.2.10",
			"resolved": "https://registry.npmjs.org/@webcomponents/webcomponentsjs/-/webcomponentsjs-2.2.10.tgz",
			"integrity": "sha512-5dzhUhP+h0qMiK0IWb7VNb0OGBoXO3AuI6Qi8t9PoKT50s5L1jv0xnwnLq+cFgPuTB8FLTNP8xIDmyoOsKBy9Q=="
		},
		"core-js": {
			"version": "2.6.5",
			"resolved": "https://registry.npmjs.org/core-js/-/core-js-2.6.5.tgz",
			"integrity": "sha512-klh/kDpwX8hryYL14M9w/xei6vrv6sE8gTHDG7/T/+SEovB/G4ejwcfE/CBzO6Edsu+OETZMZ3wcX/EjUkrl5A=="
		}
	}
}
