{
	"name": "@axa-ch/patterns-library-polyfill",
	"version": "1.5.0",
	"lockfileVersion": 1,
	"requires": true,
	"dependencies": {
		"@webcomponents/webcomponentsjs": {
			"version": "2.2.10",
			"resolved": "https://registry.npmjs.org/@webcomponents/webcomponentsjs/-/webcomponentsjs-2.2.10.tgz",
			"integrity": "sha512-5dzhUhP+h0qMiK0IWb7VNb0OGBoXO3AuI6Qi8t9PoKT50s5L1jv0xnwnLq+cFgPuTB8FLTNP8xIDmyoOsKBy9Q=="
		}
	}
}
