{
	"name": "@axa-ch/text",
	"version": "4.3.0",
	"lockfileVersion": 1,
	"requires": true,
	"dependencies": {
		"@axa-ch/materials": {
			"version": "1.3.6",
			"resolved": "https://registry.npmjs.org/@axa-ch/materials/-/materials-1.3.6.tgz",
			"integrity": "sha512-B5YZBB/TwxLkwEispAXTudO7fCczPQN5yZpX3+WGcWuVT5bTrM02wqwug8cxYYq9rO4nI0n8NhlPvmwDMkn2lQ=="
		}
	}
}
