{
	"name": "@axa-ch/spinner",
	"version": "1.0.2",
	"lockfileVersion": 1,
	"requires": true,
	"dependencies": {
		"lit-element": {
			"version": "2.5.1",
			"resolved": "https://registry.npmjs.org/lit-element/-/lit-element-2.5.1.tgz",
			"integrity": "sha512-ogu7PiJTA33bEK0xGu1dmaX5vhcRjBXCFexPja0e7P7jqLhTpNKYRPmE+GmiCaRVAbiQKGkUgkh/i6+bh++dPQ==",
			"requires": {
				"lit-html": "^1.1.1"
			},
			"dependencies": {
				"lit-html": {
					"version": "1.4.1",
					"resolved": "https://registry.npmjs.org/lit-html/-/lit-html-1.4.1.tgz",
					"integrity": "sha512-B9btcSgPYb1q4oSOb/PrOT6Z/H+r6xuNzfH4lFli/AWhYwdtrgQkQWBbIc6mdnf6E2IL3gDXdkkqNktpU0OZQA=="
				}
			}
		}
	}
}
