{
  "name": "@axa-ch/footer",
  "version": "4.1.33",
  "lockfileVersion": 1,
  "requires": true,
  "dependencies": {
    "@axa-ch/container": {
      "version": "3.0.12",
      "resolved": "https://registry.npmjs.org/@axa-ch/container/-/container-3.0.12.tgz",
      "integrity": "sha512-fmwliUqaPWjxNuHPNNrzoXSmwlqvyzoyvE3f/xYC93u/W4ts1ZGgGLy3UUFqyZbW8e26ATR2v19CkB2ottx8Nw==",
      "requires": {
        "@skatejs/val": "^0.4.0",
        "lit-element": "^2.2.0",
        "lit-html": "^1.1.0"
      }
    },
    "@axa-ch/materials": {
      "version": "14.3.3",
      "resolved": "https://registry.npmjs.org/@axa-ch/materials/-/materials-14.3.3.tgz",
      "integrity": "sha512-DG2RT30JfKbt438wJ0FhzTcwELvuRIgZNico6m4NX6TkLPlWNEjrD2tHMVZj/N5Qu4w384HTPYSd9hG8rqFSSg=="
    },
    "@lit/reactive-element": {
      "version": "1.0.2",
      "resolved": "https://registry.npmjs.org/@lit/reactive-element/-/reactive-element-1.0.2.tgz",
      "integrity": "sha512-oz3d3MKjQ2tXynQgyaQaMpGTDNyNDeBdo6dXf1AbjTwhA1IRINHmA7kSaVYv9ttKweNkEoNqp9DqteDdgWzPEg=="
    },
    "@skatejs/val": {
      "version": "0.4.0",
      "resolved": "https://registry.npmjs.org/@skatejs/val/-/val-0.4.0.tgz",
      "integrity": "sha512-zvZ/tUKkbGV5/wJE6mAN6nQ+OK7DwzGpgi+OMOxc6WxMkpwn6HfsHeArvTGhrS20wN0Df07oblIq3d0fpqICUA=="
    },
    "@types/trusted-types": {
      "version": "2.0.2",
      "resolved": "https://registry.npmjs.org/@types/trusted-types/-/trusted-types-2.0.2.tgz",
      "integrity": "sha512-F5DIZ36YVLE+PN+Zwws4kJogq47hNgX3Nx6WyDJ3kcplxyke3XIzB8uK5n/Lpm1HBsbGzd6nmGehL8cPekP+Tg=="
    },
    "lit": {
      "version": "2.0.2",
      "resolved": "https://registry.npmjs.org/lit/-/lit-2.0.2.tgz",
      "integrity": "sha512-hKA/1YaSB+P+DvKWuR2q1Xzy/iayhNrJ3aveD0OQ9CKn6wUjsdnF/7LavDOJsKP/K5jzW/kXsuduPgRvTFrFJw==",
      "requires": {
        "@lit/reactive-element": "^1.0.0",
        "lit-element": "^3.0.0",
        "lit-html": "^2.0.0"
      },
      "dependencies": {
        "lit-element": {
          "version": "3.0.2",
          "resolved": "https://registry.npmjs.org/lit-element/-/lit-element-3.0.2.tgz",
          "integrity": "sha512-9vTJ47D2DSE4Jwhle7aMzEwO2ZcOPRikqfT3CVG7Qol2c9/I4KZwinZNW5Xv8hNm+G/enSSfIwqQhIXi6ioAUg==",
          "requires": {
            "@lit/reactive-element": "^1.0.0",
            "lit-html": "^2.0.0"
          }
        },
        "lit-html": {
          "version": "2.0.2",
          "resolved": "https://registry.npmjs.org/lit-html/-/lit-html-2.0.2.tgz",
          "integrity": "sha512-dON7Zg8btb14/fWohQLQBdSgkoiQA4mIUy87evmyJHtxRq7zS6LlC32bT5EPWiof5PUQaDpF45v2OlrxHA5Clg==",
          "requires": {
            "@types/trusted-types": "^2.0.2"
          }
        }
      }
    },
    "lit-element": {
      "version": "2.4.0",
      "resolved": "https://registry.npmjs.org/lit-element/-/lit-element-2.4.0.tgz",
      "integrity": "sha512-pBGLglxyhq/Prk2H91nA0KByq/hx/wssJBQFiYqXhGDvEnY31PRGYf1RglVzyLeRysu0IHm2K0P196uLLWmwFg==",
      "requires": {
        "lit-html": "^1.1.1"
      }
    },
    "lit-html": {
      "version": "1.3.0",
      "resolved": "https://registry.npmjs.org/lit-html/-/lit-html-1.3.0.tgz",
      "integrity": "sha512-0Q1bwmaFH9O14vycPHw8C/IeHMk/uSDldVLIefu/kfbTBGIc44KGH6A8p1bDfxUfHdc8q6Ct7kQklWoHgr4t1Q=="
    }
  }
}
