{
	"name": "@axa-ch/checkbox",
	"version": "5.1.8",
	"lockfileVersion": 1,
	"requires": true,
	"dependencies": {
		"@axa-ch/materials": {
			"version": "2.0.2",
			"resolved": "https://registry.npmjs.org/@axa-ch/materials/-/materials-2.0.2.tgz",
			"integrity": "sha512-JB731FLWJxNYQYBWbIZZqHhJLLpXKaAO2VfsLg1YTSvJg03Ir5vRsEuyDE2kS7rdH7tOmJR/jxOt0gDEggKX6A=="
		},
		"@axa-ch/text": {
			"version": "1.0.14",
			"resolved": "https://registry.npmjs.org/@axa-ch/text/-/text-1.0.14.tgz",
			"integrity": "sha512-WTc3kqiTpGxR0Dl7jKwrfRAVgfnbRKJlJyrBC+onXkxDG/H/gqIDJ0bJ72V3w5ruft4r7zjZBQpDdHO45Di37A==",
			"requires": {
				"@axa-ch/materials": "^2.0.2",
				"@skatejs/val": "^0.4.0",
				"lit-element": "^2.2.0",
				"lit-html": "^1.1.0"
			},
			"dependencies": {
				"@skatejs/val": {
					"version": "0.4.0",
					"resolved": "https://registry.npmjs.org/@skatejs/val/-/val-0.4.0.tgz",
					"integrity": "sha512-zvZ/tUKkbGV5/wJE6mAN6nQ+OK7DwzGpgi+OMOxc6WxMkpwn6HfsHeArvTGhrS20wN0Df07oblIq3d0fpqICUA=="
				},
				"lit-element": {
					"version": "2.2.1",
					"resolved": "https://registry.npmjs.org/lit-element/-/lit-element-2.2.1.tgz",
					"integrity": "sha512-ipDcgQ1EpW6Va2Z6dWm79jYdimVepO5GL0eYkZrFvdr0OD/1N260Q9DH+K5HXHFrRoC7dOg+ZpED2XE0TgGdXw==",
					"requires": {
						"lit-html": "^1.0.0"
					}
				},
				"lit-html": {
					"version": "1.1.2",
					"resolved": "https://registry.npmjs.org/lit-html/-/lit-html-1.1.2.tgz",
					"integrity": "sha512-FFlUMKHKi+qG1x1iHNZ1hrtc/zHmfYTyrSvs3/wBTvaNtpZjOZGWzU7efGYVpgp6KvWeKF6ql9/KsCq6Z/mEDA=="
				}
			}
		}
	}
}
