{
  "name": "@axa-ch/commercial-hero-banner",
  "version": "0.0.0-beta.0",
  "lockfileVersion": 1,
  "requires": true,
  "dependencies": {
    "picturefill": {
      "version": "3.0.3",
      "resolved": "https://registry.npmjs.org/picturefill/-/picturefill-3.0.3.tgz",
      "integrity": "sha512-JDdx+3i4fs2pkqwWZJgGEM2vFWsq+01YsQFT9CKPGuv2Q0xSdrQZoxi9XwyNARTgxiOdgoAwWQRluLRe/JQX2g=="
    }
  }
}
