{
	"name": "@axa-ch/link",
	"version": "1.3.7",
	"lockfileVersion": 1,
	"requires": true,
	"dependencies": {
		"@axa-ch/icon": {
			"version": "1.2.4",
			"resolved": "https://registry.npmjs.org/@axa-ch/icon/-/icon-1.2.4.tgz",
			"integrity": "sha512-KxbCiTMU8WzA6hIT5AzVspdahF/RlPjlt8dCoc0TaYiM7gZh1gArqxByMKEgybd7xi33tGWk079Yp0ydWhe0pQ==",
			"requires": {
				"@axa-ch/materials": "^1.2.2",
				"@skatejs/val": "^0.4.0",
				"lit-element": "^2.1.0",
				"lit-html": "^1.0.0"
			}
		},
		"@axa-ch/materials": {
			"version": "1.2.2",
			"resolved": "https://registry.npmjs.org/@axa-ch/materials/-/materials-1.2.2.tgz",
			"integrity": "sha512-SfDMEFsWVxiNJbhCzp+Fxrq6e8rGt+FvRtfDaZ0AjIPhJ9gp6gUWIhC76My0nv+t/8PTyg9zhmnWHwp3qD48kg==",
			"requires": {
				"breakpoint-sass": "^2.7.1"
			}
		},
		"@skatejs/val": {
			"version": "0.4.0",
			"resolved": "https://registry.npmjs.org/@skatejs/val/-/val-0.4.0.tgz",
			"integrity": "sha512-zvZ/tUKkbGV5/wJE6mAN6nQ+OK7DwzGpgi+OMOxc6WxMkpwn6HfsHeArvTGhrS20wN0Df07oblIq3d0fpqICUA=="
		},
		"@webcomponents/webcomponentsjs": {
			"version": "2.2.10",
			"resolved": "https://registry.npmjs.org/@webcomponents/webcomponentsjs/-/webcomponentsjs-2.2.10.tgz",
			"integrity": "sha512-5dzhUhP+h0qMiK0IWb7VNb0OGBoXO3AuI6Qi8t9PoKT50s5L1jv0xnwnLq+cFgPuTB8FLTNP8xIDmyoOsKBy9Q=="
		},
		"breakpoint-sass": {
			"version": "2.7.1",
			"resolved": "https://registry.npmjs.org/breakpoint-sass/-/breakpoint-sass-2.7.1.tgz",
			"integrity": "sha1-jvbEdE3MJbqD2Wm2yaF+XaopmAo="
		},
		"lit-element": {
			"version": "2.1.0",
			"resolved": "https://registry.npmjs.org/lit-element/-/lit-element-2.1.0.tgz",
			"integrity": "sha512-0z/KHm1xZweivfOVRr8AKR06+D3k02u15m9s4jkuRdnGe5wfmEwePzrQQBsSZNILdnfJvfo3TJOeGhBCVZaPbw==",
			"requires": {
				"lit-html": "^1.0.0"
			}
		},
		"lit-html": {
			"version": "1.0.0",
			"resolved": "https://registry.npmjs.org/lit-html/-/lit-html-1.0.0.tgz",
			"integrity": "sha512-oeWlpLmBW3gFl7979Wol2LKITpmKTUFNn7PnFbh6YNynF61W74l6x5WhwItAwPRSATpexaX1egNnRzlN4GOtfQ=="
		}
	}
}
