{
  "name": "@axa-ch/heading",
  "version": "0.0.0-beta.0",
  "lockfileVersion": 1,
  "requires": true,
  "dependencies": {
    "@axa-ch/materials": {
      "version": "4.0.1",
      "resolved": "https://registry.npmjs.org/@axa-ch/materials/-/materials-4.0.1.tgz",
      "integrity": "sha512-DQQksMUJWRR+pPgePNjdfwhayo855CZsynHpraPKSmQkkG/NZ/heUp7okkGM62JNkX7sH4i6gucgs2dzKkmZlw=="
    }
  }
}
